
Microsoft Visual Studio Solution File, Format Version 12.00
# Visual Studio 15
VisualStudioVersion = 15.0.28307.329
MinimumVisualStudioVersion = 10.0.40219.1
Project("{FAE04EC0-301F-11D3-BF4B-00C04F79EFBC}") = "DIP", "DIPAndICPHomework\DIP.csproj", "{B3AAB849-EA90-481F-AF8D-FC02600ACFEC}"
EndProject
Project("{FAE04EC0-301F-11D3-BF4B-00C04F79EFBC}") = "ICP", "ICP\ICP.csproj", "{05F9C80F-660F-4490-A061-E017D5E4221E}"
EndProject
Global
	GlobalSection(SolutionConfigurationPlatforms) = preSolution
		Debug|Any CPU = Debug|Any CPU
		Release|Any CPU = Release|Any CPU
	EndGlobalSection
	GlobalSection(ProjectConfigurationPlatforms) = postSolution
		{B3AAB849-EA90-481F-AF8D-FC02600ACFEC}.Debug|Any CPU.ActiveCfg = Debug|Any CPU
		{B3AAB849-EA90-481F-AF8D-FC02600ACFEC}.Debug|Any CPU.Build.0 = Debug|Any CPU
		{B3AAB849-EA90-481F-AF8D-FC02600ACFEC}.Release|Any CPU.ActiveCfg = Release|Any CPU
		{B3AAB849-EA90-481F-AF8D-FC02600ACFEC}.Release|Any CPU.Build.0 = Release|Any CPU
		{05F9C80F-660F-4490-A061-E017D5E4221E}.Debug|Any CPU.ActiveCfg = Debug|Any CPU
		{05F9C80F-660F-4490-A061-E017D5E4221E}.Debug|Any CPU.Build.0 = Debug|Any CPU
		{05F9C80F-660F-4490-A061-E017D5E4221E}.Release|Any CPU.ActiveCfg = Release|Any CPU
		{05F9C80F-660F-4490-A061-E017D5E4221E}.Release|Any CPU.Build.0 = Release|Any CPU
	EndGlobalSection
	GlobalSection(SolutionProperties) = preSolution
		HideSolutionNode = FALSE
	EndGlobalSection
	GlobalSection(ExtensibilityGlobals) = postSolution
		SolutionGuid = {0780E3DA-AD7B-41AF-922A-A3FB78036953}
	EndGlobalSection
EndGlobal
